
Microsoft Visual Studio Solution File, Format Version 12.00
# Visual Studio Version 18
VisualStudioVersion = 18.3.11206.111 d18.3
MinimumVisualStudioVersion = 10.0.40219.1
Project("{FAE04EC0-301F-11D3-BF4B-00C04F79EFBC}") = "Zeitung.Api", "Zeitung.Api\Zeitung.Api.csproj", "{2E80D6DB-B34E-4EC2-B72B-43A55FE9E53A}"
EndProject
Project("{FAE04EC0-301F-11D3-BF4B-00C04F79EFBC}") = "Zeitung.AppHost", "Zeitung.AppHost\Zeitung.AppHost.csproj", "{0E4EE918-E008-4B39-96DC-E93A91AC5C2F}"
EndProject
Project("{FAE04EC0-301F-11D3-BF4B-00C04F79EFBC}") = "Zeitung.ServiceDefaults", "Zeitung.ServiceDefaults\Zeitung.ServiceDefaults.csproj", "{98A9F70A-7CE2-43D8-973C-A65021093288}"
EndProject
Project("{FAE04EC0-301F-11D3-BF4B-00C04F79EFBC}") = "Zeitung.AppHost.Tests", "Zeitung.AppHost.Tests\Zeitung.AppHost.Tests.csproj", "{44A88AB0-122B-44DF-9406-DBF80C9C1720}"
EndProject
Project("{FAE04EC0-301F-11D3-BF4B-00C04F79EFBC}") = "Zeitung.Worker", "Zeitung.Worker\Zeitung.Worker.csproj", "{2EEA7335-63D5-43EE-ADA2-CF6257CFC8E7}"
EndProject
Project("{FAE04EC0-301F-11D3-BF4B-00C04F79EFBC}") = "Zeitung.Worker.Tests", "Zeitung.Worker.Tests\Zeitung.Worker.Tests.csproj", "{4CCCC9E3-9B65-45B9-A1AB-B8BFC1BE8FBD}"
EndProject
Project("{FAE04EC0-301F-11D3-BF4B-00C04F79EFBC}") = "Zeitung.Api.Tests", "Zeitung.Api.Tests\Zeitung.Api.Tests.csproj", "{C7513054-1939-4B6E-9E86-F8D0895431D8}"
EndProject
Project("{FAE04EC0-301F-11D3-BF4B-00C04F79EFBC}") = "Zeitung.Core", "Zeitung.Core\Zeitung.Core.csproj", "{AD4E74B6-9A51-4B1E-B8B2-76DDD5BBCF41}"
EndProject
Project("{FAE04EC0-301F-11D3-BF4B-00C04F79EFBC}") = "Zeitung.Core.Test", "Zeitung.Core.Test\Zeitung.Core.Test.csproj", "{895B94D5-A09C-49C3-9C79-D175029A4599}"
EndProject
Global
	GlobalSection(SolutionConfigurationPlatforms) = preSolution
		Debug|Any CPU = Debug|Any CPU
		Debug|x64 = Debug|x64
		Debug|x86 = Debug|x86
		Release|Any CPU = Release|Any CPU
		Release|x64 = Release|x64
		Release|x86 = Release|x86
	EndGlobalSection
	GlobalSection(ProjectConfigurationPlatforms) = postSolution
		{2E80D6DB-B34E-4EC2-B72B-43A55FE9E53A}.Debug|Any CPU.ActiveCfg = Debug|Any CPU
		{2E80D6DB-B34E-4EC2-B72B-43A55FE9E53A}.Debug|Any CPU.Build.0 = Debug|Any CPU
		{2E80D6DB-B34E-4EC2-B72B-43A55FE9E53A}.Debug|x64.ActiveCfg = Debug|Any CPU
		{2E80D6DB-B34E-4EC2-B72B-43A55FE9E53A}.Debug|x64.Build.0 = Debug|Any CPU
		{2E80D6DB-B34E-4EC2-B72B-43A55FE9E53A}.Debug|x86.ActiveCfg = Debug|Any CPU
		{2E80D6DB-B34E-4EC2-B72B-43A55FE9E53A}.Debug|x86.Build.0 = Debug|Any CPU
		{2E80D6DB-B34E-4EC2-B72B-43A55FE9E53A}.Release|Any CPU.ActiveCfg = Release|Any CPU
		{2E80D6DB-B34E-4EC2-B72B-43A55FE9E53A}.Release|Any CPU.Build.0 = Release|Any CPU
		{2E80D6DB-B34E-4EC2-B72B-43A55FE9E53A}.Release|x64.ActiveCfg = Release|Any CPU
		{2E80D6DB-B34E-4EC2-B72B-43A55FE9E53A}.Release|x64.Build.0 = Release|Any CPU
		{2E80D6DB-B34E-4EC2-B72B-43A55FE9E53A}.Release|x86.ActiveCfg = Release|Any CPU
		{2E80D6DB-B34E-4EC2-B72B-43A55FE9E53A}.Release|x86.Build.0 = Release|Any CPU
		{0E4EE918-E008-4B39-96DC-E93A91AC5C2F}.Debug|Any CPU.ActiveCfg = Debug|Any CPU
		{0E4EE918-E008-4B39-96DC-E93A91AC5C2F}.Debug|Any CPU.Build.0 = Debug|Any CPU
		{0E4EE918-E008-4B39-96DC-E93A91AC5C2F}.Debug|x64.ActiveCfg = Debug|Any CPU
		{0E4EE918-E008-4B39-96DC-E93A91AC5C2F}.Debug|x64.Build.0 = Debug|Any CPU
		{0E4EE918-E008-4B39-96DC-E93A91AC5C2F}.Debug|x86.ActiveCfg = Debug|Any CPU
		{0E4EE918-E008-4B39-96DC-E93A91AC5C2F}.Debug|x86.Build.0 = Debug|Any CPU
		{0E4EE918-E008-4B39-96DC-E93A91AC5C2F}.Release|Any CPU.ActiveCfg = Release|Any CPU
		{0E4EE918-E008-4B39-96DC-E93A91AC5C2F}.Release|Any CPU.Build.0 = Release|Any CPU
		{0E4EE918-E008-4B39-96DC-E93A91AC5C2F}.Release|x64.ActiveCfg = Release|Any CPU
		{0E4EE918-E008-4B39-96DC-E93A91AC5C2F}.Release|x64.Build.0 = Release|Any CPU
		{0E4EE918-E008-4B39-96DC-E93A91AC5C2F}.Release|x86.ActiveCfg = Release|Any CPU
		{0E4EE918-E008-4B39-96DC-E93A91AC5C2F}.Release|x86.Build.0 = Release|Any CPU
		{98A9F70A-7CE2-43D8-973C-A65021093288}.Debug|Any CPU.ActiveCfg = Debug|Any CPU
		{98A9F70A-7CE2-43D8-973C-A65021093288}.Debug|Any CPU.Build.0 = Debug|Any CPU
		{98A9F70A-7CE2-43D8-973C-A65021093288}.Debug|x64.ActiveCfg = Debug|Any CPU
		{98A9F70A-7CE2-43D8-973C-A65021093288}.Debug|x64.Build.0 = Debug|Any CPU
		{98A9F70A-7CE2-43D8-973C-A65021093288}.Debug|x86.ActiveCfg = Debug|Any CPU
		{98A9F70A-7CE2-43D8-973C-A65021093288}.Debug|x86.Build.0 = Debug|Any CPU
		{98A9F70A-7CE2-43D8-973C-A65021093288}.Release|Any CPU.ActiveCfg = Release|Any CPU
		{98A9F70A-7CE2-43D8-973C-A65021093288}.Release|Any CPU.Build.0 = Release|Any CPU
		{98A9F70A-7CE2-43D8-973C-A65021093288}.Release|x64.ActiveCfg = Release|Any CPU
		{98A9F70A-7CE2-43D8-973C-A65021093288}.Release|x64.Build.0 = Release|Any CPU
		{98A9F70A-7CE2-43D8-973C-A65021093288}.Release|x86.ActiveCfg = Release|Any CPU
		{98A9F70A-7CE2-43D8-973C-A65021093288}.Release|x86.Build.0 = Release|Any CPU
		{44A88AB0-122B-44DF-9406-DBF80C9C1720}.Debug|Any CPU.ActiveCfg = Debug|Any CPU
		{44A88AB0-122B-44DF-9406-DBF80C9C1720}.Debug|Any CPU.Build.0 = Debug|Any CPU
		{44A88AB0-122B-44DF-9406-DBF80C9C1720}.Debug|x64.ActiveCfg = Debug|Any CPU
		{44A88AB0-122B-44DF-9406-DBF80C9C1720}.Debug|x64.Build.0 = Debug|Any CPU
		{44A88AB0-122B-44DF-9406-DBF80C9C1720}.Debug|x86.ActiveCfg = Debug|Any CPU
		{44A88AB0-122B-44DF-9406-DBF80C9C1720}.Debug|x86.Build.0 = Debug|Any CPU
		{44A88AB0-122B-44DF-9406-DBF80C9C1720}.Release|Any CPU.ActiveCfg = Release|Any CPU
		{44A88AB0-122B-44DF-9406-DBF80C9C1720}.Release|Any CPU.Build.0 = Release|Any CPU
		{44A88AB0-122B-44DF-9406-DBF80C9C1720}.Release|x64.ActiveCfg = Release|Any CPU
		{44A88AB0-122B-44DF-9406-DBF80C9C1720}.Release|x64.Build.0 = Release|Any CPU
		{44A88AB0-122B-44DF-9406-DBF80C9C1720}.Release|x86.ActiveCfg = Release|Any CPU
		{44A88AB0-122B-44DF-9406-DBF80C9C1720}.Release|x86.Build.0 = Release|Any CPU
		{2EEA7335-63D5-43EE-ADA2-CF6257CFC8E7}.Debug|Any CPU.ActiveCfg = Debug|Any CPU
		{2EEA7335-63D5-43EE-ADA2-CF6257CFC8E7}.Debug|Any CPU.Build.0 = Debug|Any CPU
		{2EEA7335-63D5-43EE-ADA2-CF6257CFC8E7}.Debug|x64.ActiveCfg = Debug|Any CPU
		{2EEA7335-63D5-43EE-ADA2-CF6257CFC8E7}.Debug|x64.Build.0 = Debug|Any CPU
		{2EEA7335-63D5-43EE-ADA2-CF6257CFC8E7}.Debug|x86.ActiveCfg = Debug|Any CPU
		{2EEA7335-63D5-43EE-ADA2-CF6257CFC8E7}.Debug|x86.Build.0 = Debug|Any CPU
		{2EEA7335-63D5-43EE-ADA2-CF6257CFC8E7}.Release|Any CPU.ActiveCfg = Release|Any CPU
		{2EEA7335-63D5-43EE-ADA2-CF6257CFC8E7}.Release|Any CPU.Build.0 = Release|Any CPU
		{2EEA7335-63D5-43EE-ADA2-CF6257CFC8E7}.Release|x64.ActiveCfg = Release|Any CPU
		{2EEA7335-63D5-43EE-ADA2-CF6257CFC8E7}.Release|x64.Build.0 = Release|Any CPU
		{2EEA7335-63D5-43EE-ADA2-CF6257CFC8E7}.Release|x86.ActiveCfg = Release|Any CPU
		{2EEA7335-63D5-43EE-ADA2-CF6257CFC8E7}.Release|x86.Build.0 = Release|Any CPU
		{4CCCC9E3-9B65-45B9-A1AB-B8BFC1BE8FBD}.Debug|Any CPU.ActiveCfg = Debug|Any CPU
		{4CCCC9E3-9B65-45B9-A1AB-B8BFC1BE8FBD}.Debug|Any CPU.Build.0 = Debug|Any CPU
		{4CCCC9E3-9B65-45B9-A1AB-B8BFC1BE8FBD}.Debug|x64.ActiveCfg = Debug|Any CPU
		{4CCCC9E3-9B65-45B9-A1AB-B8BFC1BE8FBD}.Debug|x64.Build.0 = Debug|Any CPU
		{4CCCC9E3-9B65-45B9-A1AB-B8BFC1BE8FBD}.Debug|x86.ActiveCfg = Debug|Any CPU
		{4CCCC9E3-9B65-45B9-A1AB-B8BFC1BE8FBD}.Debug|x86.Build.0 = Debug|Any CPU
		{4CCCC9E3-9B65-45B9-A1AB-B8BFC1BE8FBD}.Release|Any CPU.ActiveCfg = Release|Any CPU
		{4CCCC9E3-9B65-45B9-A1AB-B8BFC1BE8FBD}.Release|Any CPU.Build.0 = Release|Any CPU
		{4CCCC9E3-9B65-45B9-A1AB-B8BFC1BE8FBD}.Release|x64.ActiveCfg = Release|Any CPU
		{4CCCC9E3-9B65-45B9-A1AB-B8BFC1BE8FBD}.Release|x64.Build.0 = Release|Any CPU
		{4CCCC9E3-9B65-45B9-A1AB-B8BFC1BE8FBD}.Release|x86.ActiveCfg = Release|Any CPU
		{4CCCC9E3-9B65-45B9-A1AB-B8BFC1BE8FBD}.Release|x86.Build.0 = Release|Any CPU
		{C7513054-1939-4B6E-9E86-F8D0895431D8}.Debug|Any CPU.ActiveCfg = Debug|Any CPU
		{C7513054-1939-4B6E-9E86-F8D0895431D8}.Debug|Any CPU.Build.0 = Debug|Any CPU
		{C7513054-1939-4B6E-9E86-F8D0895431D8}.Debug|x64.ActiveCfg = Debug|Any CPU
		{C7513054-1939-4B6E-9E86-F8D0895431D8}.Debug|x64.Build.0 = Debug|Any CPU
		{C7513054-1939-4B6E-9E86-F8D0895431D8}.Debug|x86.ActiveCfg = Debug|Any CPU
		{C7513054-1939-4B6E-9E86-F8D0895431D8}.Debug|x86.Build.0 = Debug|Any CPU
		{C7513054-1939-4B6E-9E86-F8D0895431D8}.Release|Any CPU.ActiveCfg = Release|Any CPU
		{C7513054-1939-4B6E-9E86-F8D0895431D8}.Release|Any CPU.Build.0 = Release|Any CPU
		{C7513054-1939-4B6E-9E86-F8D0895431D8}.Release|x64.ActiveCfg = Release|Any CPU
		{C7513054-1939-4B6E-9E86-F8D0895431D8}.Release|x64.Build.0 = Release|Any CPU
		{C7513054-1939-4B6E-9E86-F8D0895431D8}.Release|x86.ActiveCfg = Release|Any CPU
		{C7513054-1939-4B6E-9E86-F8D0895431D8}.Release|x86.Build.0 = Release|Any CPU
		{AD4E74B6-9A51-4B1E-B8B2-76DDD5BBCF41}.Debug|Any CPU.ActiveCfg = Debug|Any CPU
		{AD4E74B6-9A51-4B1E-B8B2-76DDD5BBCF41}.Debug|Any CPU.Build.0 = Debug|Any CPU
		{AD4E74B6-9A51-4B1E-B8B2-76DDD5BBCF41}.Debug|x64.ActiveCfg = Debug|Any CPU
		{AD4E74B6-9A51-4B1E-B8B2-76DDD5BBCF41}.Debug|x64.Build.0 = Debug|Any CPU
		{AD4E74B6-9A51-4B1E-B8B2-76DDD5BBCF41}.Debug|x86.ActiveCfg = Debug|Any CPU
		{AD4E74B6-9A51-4B1E-B8B2-76DDD5BBCF41}.Debug|x86.Build.0 = Debug|Any CPU
		{AD4E74B6-9A51-4B1E-B8B2-76DDD5BBCF41}.Release|Any CPU.ActiveCfg = Release|Any CPU
		{AD4E74B6-9A51-4B1E-B8B2-76DDD5BBCF41}.Release|Any CPU.Build.0 = Release|Any CPU
		{AD4E74B6-9A51-4B1E-B8B2-76DDD5BBCF41}.Release|x64.ActiveCfg = Release|Any CPU
		{AD4E74B6-9A51-4B1E-B8B2-76DDD5BBCF41}.Release|x64.Build.0 = Release|Any CPU
		{AD4E74B6-9A51-4B1E-B8B2-76DDD5BBCF41}.Release|x86.ActiveCfg = Release|Any CPU
		{AD4E74B6-9A51-4B1E-B8B2-76DDD5BBCF41}.Release|x86.Build.0 = Release|Any CPU
		{895B94D5-A09C-49C3-9C79-D175029A4599}.Debug|Any CPU.ActiveCfg = Debug|Any CPU
		{895B94D5-A09C-49C3-9C79-D175029A4599}.Debug|Any CPU.Build.0 = Debug|Any CPU
		{895B94D5-A09C-49C3-9C79-D175029A4599}.Debug|x64.ActiveCfg = Debug|Any CPU
		{895B94D5-A09C-49C3-9C79-D175029A4599}.Debug|x64.Build.0 = Debug|Any CPU
		{895B94D5-A09C-49C3-9C79-D175029A4599}.Debug|x86.ActiveCfg = Debug|Any CPU
		{895B94D5-A09C-49C3-9C79-D175029A4599}.Debug|x86.Build.0 = Debug|Any CPU
		{895B94D5-A09C-49C3-9C79-D175029A4599}.Release|Any CPU.ActiveCfg = Release|Any CPU
		{895B94D5-A09C-49C3-9C79-D175029A4599}.Release|Any CPU.Build.0 = Release|Any CPU
		{895B94D5-A09C-49C3-9C79-D175029A4599}.Release|x64.ActiveCfg = Release|Any CPU
		{895B94D5-A09C-49C3-9C79-D175029A4599}.Release|x64.Build.0 = Release|Any CPU
		{895B94D5-A09C-49C3-9C79-D175029A4599}.Release|x86.ActiveCfg = Release|Any CPU
		{895B94D5-A09C-49C3-9C79-D175029A4599}.Release|x86.Build.0 = Release|Any CPU
	EndGlobalSection
	GlobalSection(SolutionProperties) = preSolution
		HideSolutionNode = FALSE
	EndGlobalSection
	GlobalSection(ExtensibilityGlobals) = postSolution
		SolutionGuid = {F99DE846-69B5-467D-82F7-2FA13E6D2C10}
	EndGlobalSection
EndGlobal
